{
  "nodes": {
    "context": {
      "flake": false,
      "locked": {
        "lastModified": 1680334080,
        "narHash": "sha256-zxTkXK+kI+X/CqaW2gesC1Hf36J3PLDHkaALglgcZD4=",
        "owner": "contextgarden",
        "repo": "context",
        "rev": "0f16742683e3a5d3f23752f580f9cfe62d864c5c",
        "type": "github"
      },
      "original": {
        "owner": "contextgarden",
        "repo": "context",
        "type": "github"
      }
    },
    "context-fonts": {
      "flake": false,
      "locked": {
        "lastModified": 1680636952,
        "narHash": "sha256-ckDQR22Cr5LGYSabfszImA8mJEyQlrdKLUnVzop1LP4=",
        "owner": "contextgarden",
        "repo": "context-distribution-fonts",
        "rev": "4c52972dda2da8f36239a7c03577ab3f8cbba9cf",
        "type": "github"
      },
      "original": {
        "owner": "contextgarden",
        "repo": "context-distribution-fonts",
        "type": "github"
      }
    },
    "context-minimals": {
      "inputs": {
        "context": "context",
        "context-fonts": "context-fonts",
        "luatex": "luatex",
        "modules": "modules",
        "nixpkgs": "nixpkgs"
      },
      "locked": {
        "lastModified": 1681594047,
        "narHash": "sha256-8PA1Hxjw47X45NEzS3TUzQpXOeWXjjzAz13lIjNOE5o=",
        "owner": "usertam",
        "repo": "context-minimals",
        "rev": "67efe325ca0b6b8710ccb0fee7f01cfd20d0876f",
        "type": "github"
      },
      "original": {
        "owner": "usertam",
        "repo": "context-minimals",
        "type": "github"
      }
    },
    "cover": {
      "flake": false,
      "locked": {
        "narHash": "sha256-a7GETaJ3B6/YH4GUZaqLVNH0iYdbP2b/W1YWeLNsF/k=",
        "type": "file",
        "url": "https://unsplash.com/photos/ixxjruC7Gg4/download"
      },
      "original": {
        "type": "file",
        "url": "https://unsplash.com/photos/ixxjruC7Gg4/download"
      }
    },
    "luatex": {
      "flake": false,
      "locked": {
        "lastModified": 1677857213,
        "narHash": "sha256-70KPEGv2oVkhGlCWThtmRdasKA1E4ZZe/vTt4wHoukk=",
        "owner": "TeX-Live",
        "repo": "luatex",
        "rev": "f52b099f3e01d53dc03b315e1909245c3d5418d3",
        "type": "github"
      },
      "original": {
        "owner": "TeX-Live",
        "repo": "luatex",
        "type": "github"
      }
    },
    "modules": {
      "flake": false,
      "locked": {
        "lastModified": 1680740759,
        "narHash": "sha256-2WZicn1KGRURLLIZcDWPJgkKw2/AN+OubzY2jv+EcLs=",
        "owner": "usertam",
        "repo": "context-minimals",
        "rev": "a6bad0d18c7a6fbececbcdeeca98ec100e0ea5f7",
        "type": "github"
      },
      "original": {
        "owner": "usertam",
        "ref": "mirror/modules",
        "repo": "context-minimals",
        "type": "github"
      }
    },
    "nixpkgs": {
      "locked": {
        "lastModified": 1680668850,
        "narHash": "sha256-mQMg13yRsS0LXVzaeoSPwqgPO6yhkGzGewPgMSqXSv8=",
        "owner": "nixos",
        "repo": "nixpkgs",
        "rev": "4a65e9f64e53fdca6eed31adba836717a11247d2",
        "type": "github"
      },
      "original": {
        "owner": "nixos",
        "ref": "nixpkgs-unstable",
        "repo": "nixpkgs",
        "type": "github"
      }
    },
    "root": {
      "inputs": {
        "context-minimals": "context-minimals",
        "cover": "cover"
      }
    }
  },
  "root": "root",
  "version": 7
}
